
Microsoft Visual Studio Solution File, Format Version 12.00
# Visual Studio Version 17
VisualStudioVersion = 17.11.35327.3
MinimumVisualStudioVersion = 10.0.40219.1
Project("{9A19103F-16F7-4668-BE54-9A1E7A4F7556}") = "DiplomeocyWeb", "DiplomeocyWeb\DiplomeocyWeb.csproj", "{5859690F-739D-4B5A-A87E-5C58B72D4C1D}"
EndProject
Project("{9A19103F-16F7-4668-BE54-9A1E7A4F7556}") = "Game", "Game\Game.csproj", "{B2F9CC30-FE1D-4545-83EC-50FBF75CB7CF}"
EndProject
Project("{FAE04EC0-301F-11D3-BF4B-00C04F79EFBC}") = "RazorComponents", "RazorComponents\RazorComponents.csproj", "{CA00B0D7-E861-48CC-82FD-56797DDB0E86}"
EndProject
Global
	GlobalSection(SolutionConfigurationPlatforms) = preSolution
		Debug|Any CPU = Debug|Any CPU
		Release|Any CPU = Release|Any CPU
	EndGlobalSection
	GlobalSection(ProjectConfigurationPlatforms) = postSolution
		{5859690F-739D-4B5A-A87E-5C58B72D4C1D}.Debug|Any CPU.ActiveCfg = Debug|Any CPU
		{5859690F-739D-4B5A-A87E-5C58B72D4C1D}.Debug|Any CPU.Build.0 = Debug|Any CPU
		{5859690F-739D-4B5A-A87E-5C58B72D4C1D}.Release|Any CPU.ActiveCfg = Release|Any CPU
		{5859690F-739D-4B5A-A87E-5C58B72D4C1D}.Release|Any CPU.Build.0 = Release|Any CPU
		{B2F9CC30-FE1D-4545-83EC-50FBF75CB7CF}.Debug|Any CPU.ActiveCfg = Debug|Any CPU
		{B2F9CC30-FE1D-4545-83EC-50FBF75CB7CF}.Debug|Any CPU.Build.0 = Debug|Any CPU
		{B2F9CC30-FE1D-4545-83EC-50FBF75CB7CF}.Release|Any CPU.ActiveCfg = Release|Any CPU
		{B2F9CC30-FE1D-4545-83EC-50FBF75CB7CF}.Release|Any CPU.Build.0 = Release|Any CPU
		{CA00B0D7-E861-48CC-82FD-56797DDB0E86}.Debug|Any CPU.ActiveCfg = Debug|Any CPU
		{CA00B0D7-E861-48CC-82FD-56797DDB0E86}.Debug|Any CPU.Build.0 = Debug|Any CPU
		{CA00B0D7-E861-48CC-82FD-56797DDB0E86}.Release|Any CPU.ActiveCfg = Release|Any CPU
		{CA00B0D7-E861-48CC-82FD-56797DDB0E86}.Release|Any CPU.Build.0 = Release|Any CPU
	EndGlobalSection
	GlobalSection(SolutionProperties) = preSolution
		HideSolutionNode = FALSE
	EndGlobalSection
	GlobalSection(ExtensibilityGlobals) = postSolution
		SolutionGuid = {C8A31110-3980-497F-AED9-EDAB625A1E2B}
	EndGlobalSection
EndGlobal
