
Microsoft Visual Studio Solution File, Format Version 12.00
# Visual Studio Version 17
VisualStudioVersion = 17.7.34202.233
MinimumVisualStudioVersion = 10.0.40219.1
Project("{FAE04EC0-301F-11D3-BF4B-00C04F79EFBC}") = "Web", "Web\Web.csproj", "{D652C415-1B12-4647-BAF3-DF73066056C4}"
EndProject
Project("{FAE04EC0-301F-11D3-BF4B-00C04F79EFBC}") = "Backend", "Backend\Backend.csproj", "{DC9DD8B5-94EB-42B4-B542-3F3FE6F99CC9}"
EndProject
Global
	GlobalSection(SolutionConfigurationPlatforms) = preSolution
		Debug|Any CPU = Debug|Any CPU
		Release|Any CPU = Release|Any CPU
	EndGlobalSection
	GlobalSection(ProjectConfigurationPlatforms) = postSolution
		{D652C415-1B12-4647-BAF3-DF73066056C4}.Debug|Any CPU.ActiveCfg = Debug|Any CPU
		{D652C415-1B12-4647-BAF3-DF73066056C4}.Debug|Any CPU.Build.0 = Debug|Any CPU
		{D652C415-1B12-4647-BAF3-DF73066056C4}.Release|Any CPU.ActiveCfg = Release|Any CPU
		{D652C415-1B12-4647-BAF3-DF73066056C4}.Release|Any CPU.Build.0 = Release|Any CPU
		{DC9DD8B5-94EB-42B4-B542-3F3FE6F99CC9}.Debug|Any CPU.ActiveCfg = Debug|Any CPU
		{DC9DD8B5-94EB-42B4-B542-3F3FE6F99CC9}.Debug|Any CPU.Build.0 = Debug|Any CPU
		{DC9DD8B5-94EB-42B4-B542-3F3FE6F99CC9}.Release|Any CPU.ActiveCfg = Release|Any CPU
		{DC9DD8B5-94EB-42B4-B542-3F3FE6F99CC9}.Release|Any CPU.Build.0 = Release|Any CPU
	EndGlobalSection
	GlobalSection(SolutionProperties) = preSolution
		HideSolutionNode = FALSE
	EndGlobalSection
	GlobalSection(ExtensibilityGlobals) = postSolution
		SolutionGuid = {4BBCBF18-44F0-40DE-A592-EC6152C698B4}
	EndGlobalSection
EndGlobal
